
Microsoft Visual Studio Solution File, Format Version 12.00
# Visual Studio 15
VisualStudioVersion = 15.0.28307.271
MinimumVisualStudioVersion = 10.0.40219.1
Project("{FAE04EC0-301F-11D3-BF4B-00C04F79EFBC}") = "HelloName", "HelloName\HelloName.csproj", "{C5BA4EEB-4C04-4BE4-BC5A-4C8EBB327740}"
EndProject
Global
	GlobalSection(SolutionConfigurationPlatforms) = preSolution
		Debug|Any CPU = Debug|Any CPU
		Release|Any CPU = Release|Any CPU
	EndGlobalSection
	GlobalSection(ProjectConfigurationPlatforms) = postSolution
		{C5BA4EEB-4C04-4BE4-BC5A-4C8EBB327740}.Debug|Any CPU.ActiveCfg = Debug|Any CPU
		{C5BA4EEB-4C04-4BE4-BC5A-4C8EBB327740}.Debug|Any CPU.Build.0 = Debug|Any CPU
		{C5BA4EEB-4C04-4BE4-BC5A-4C8EBB327740}.Release|Any CPU.ActiveCfg = Release|Any CPU
		{C5BA4EEB-4C04-4BE4-BC5A-4C8EBB327740}.Release|Any CPU.Build.0 = Release|Any CPU
	EndGlobalSection
	GlobalSection(SolutionProperties) = preSolution
		HideSolutionNode = FALSE
	EndGlobalSection
	GlobalSection(ExtensibilityGlobals) = postSolution
		SolutionGuid = {41C11180-AE49-430A-BE52-F09D33E4CDAC}
	EndGlobalSection
EndGlobal
